
Microsoft Visual Studio Solution File, Format Version 12.00
# Visual Studio Version 17
VisualStudioVersion = 17.7.34031.279
MinimumVisualStudioVersion = 10.0.40219.1
Project("{FAE04EC0-301F-11D3-BF4B-00C04F79EFBC}") = "HabitLogger", "HabitLogger\HabitLogger.csproj", "{0D022F6A-0E8D-47F2-BE0B-682134AEE75B}"
EndProject
Global
	GlobalSection(SolutionConfigurationPlatforms) = preSolution
		Debug|Any CPU = Debug|Any CPU
		Release|Any CPU = Release|Any CPU
	EndGlobalSection
	GlobalSection(ProjectConfigurationPlatforms) = postSolution
		{0D022F6A-0E8D-47F2-BE0B-682134AEE75B}.Debug|Any CPU.ActiveCfg = Debug|Any CPU
		{0D022F6A-0E8D-47F2-BE0B-682134AEE75B}.Debug|Any CPU.Build.0 = Debug|Any CPU
		{0D022F6A-0E8D-47F2-BE0B-682134AEE75B}.Release|Any CPU.ActiveCfg = Release|Any CPU
		{0D022F6A-0E8D-47F2-BE0B-682134AEE75B}.Release|Any CPU.Build.0 = Release|Any CPU
	EndGlobalSection
	GlobalSection(SolutionProperties) = preSolution
		HideSolutionNode = FALSE
	EndGlobalSection
	GlobalSection(ExtensibilityGlobals) = postSolution
		SolutionGuid = {0A941831-B700-4A12-9C12-614804575567}
	EndGlobalSection
EndGlobal
